<?xml version="1.0" encoding="UTF-8" standalone="yes" ?>
<CodeBlocks_project_file>
	<FileVersion major="1" minor="6" />
	<Project>
		<Option title="[EDD]Project1" />
		<Option pch_mode="2" />
		<Option compiler="gcc" />
		<Build>
			<Target title="Debug">
				<Option output="bin/Debug/[EDD]Project1" prefix_auto="1" extension_auto="1" />
				<Option object_output="obj/Debug/" />
				<Option type="1" />
				<Option compiler="gcc" />
				<Compiler>
					<Add option="-g" />
					<Add directory="include" />
				</Compiler>
			</Target>
			<Target title="Release">
				<Option output="bin/Release/[EDD]Project1" prefix_auto="1" extension_auto="1" />
				<Option object_output="obj/Release/" />
				<Option type="1" />
				<Option compiler="gcc" />
				<Compiler>
					<Add option="-O2" />
					<Add directory="include" />
				</Compiler>
				<Linker>
					<Add option="-s" />
				</Linker>
			</Target>
		</Build>
		<Compiler>
			<Add option="-Wall" />
			<Add option="-fexceptions" />
		</Compiler>
		<Unit filename="include/ColaFicha.h" />
		<Unit filename="include/Coordenada.h" />
		<Unit filename="include/CreateFile.h" />
		<Unit filename="include/DoubleCircularListDiccionario.h" />
		<Unit filename="include/DoubleLinkedListFicha.h" />
		<Unit filename="include/DoubleLinkedListScoreboard.h" />
		<Unit filename="include/Ficha.h" />
		<Unit filename="include/GenerateRandom.h" />
		<Unit filename="include/HeaderList.h" />
		<Unit filename="include/Jugador.h" />
		<Unit filename="include/LateralList.h" />
		<Unit filename="include/ListHorizontal.h" />
		<Unit filename="include/ListVertical.h" />
		<Unit filename="include/Matrix.h" />
		<Unit filename="include/MenuJuego.h" />
		<Unit filename="include/MenuPrincipal.h" />
		<Unit filename="include/NodeABB.h" />
		<Unit filename="include/NodeCoordenada.h" />
		<Unit filename="include/NodeDiccionario.h" />
		<Unit filename="include/NodeFicha.h" />
		<Unit filename="include/NodeHeader.h" />
		<Unit filename="include/NodeJugador.h" />
		<Unit filename="include/NodeLateral.h" />
		<Unit filename="include/NodeMatrix.h" />
		<Unit filename="include/NodeScore.h" />
		<Unit filename="include/QueueJugador.h" />
		<Unit filename="include/ReadArchive.h" />
		<Unit filename="include/Score.h" />
		<Unit filename="include/SimplyLinkedListCoordenada.h" />
		<Unit filename="include/SimplyLinkedListScoreboard.h" />
		<Unit filename="include/TreeABB.h" />
		<Unit filename="main.cpp" />
		<Unit filename="src/ColaFicha.cpp" />
		<Unit filename="src/Coordenada.cpp" />
		<Unit filename="src/CreateFile.cpp" />
		<Unit filename="src/DoubleCircularListDiccionario.cpp" />
		<Unit filename="src/DoubleLinkedListFicha.cpp" />
		<Unit filename="src/DoubleLinkedListScoreboard.cpp" />
		<Unit filename="src/Ficha.cpp" />
		<Unit filename="src/GenerateRandom.cpp" />
		<Unit filename="src/HeaderList.cpp" />
		<Unit filename="src/Jugador.cpp" />
		<Unit filename="src/LateralList.cpp" />
		<Unit filename="src/ListHorizontal.cpp" />
		<Unit filename="src/ListVertical.cpp" />
		<Unit filename="src/Matrix.cpp" />
		<Unit filename="src/MenuJuego.cpp" />
		<Unit filename="src/MenuPrincipal.cpp" />
		<Unit filename="src/NodeABB.cpp" />
		<Unit filename="src/NodeCoordenada.cpp" />
		<Unit filename="src/NodeDiccionario.cpp" />
		<Unit filename="src/NodeFicha.cpp" />
		<Unit filename="src/NodeHeader.cpp" />
		<Unit filename="src/NodeJugador.cpp" />
		<Unit filename="src/NodeLateral.cpp" />
		<Unit filename="src/NodeMatrix.cpp" />
		<Unit filename="src/NodeScore.cpp" />
		<Unit filename="src/QueueJugador.cpp" />
		<Unit filename="src/ReadArchive.cpp" />
		<Unit filename="src/Score.cpp" />
		<Unit filename="src/SimplyLinkedListCoordenada.cpp" />
		<Unit filename="src/SimplyLinkedListScoreboard.cpp" />
		<Unit filename="src/TreeABB.cpp" />
		<Extensions>
			<code_completion />
			<envvars />
			<debugger />
		</Extensions>
	</Project>
</CodeBlocks_project_file>
